
Microsoft Visual Studio Solution File, Format Version 12.00
# Visual Studio 15
VisualStudioVersion = 15.0.27703.2047
MinimumVisualStudioVersion = 10.0.40219.1
Project("{9A19103F-16F7-4668-BE54-9A1E7A4F7556}") = "Weather", "Weather.csproj", "{4220C61D-83C7-4074-841E-9D0DD491E4CF}"
EndProject
Global
	GlobalSection(SolutionConfigurationPlatforms) = preSolution
		Debug|Any CPU = Debug|Any CPU
		Release|Any CPU = Release|Any CPU
	EndGlobalSection
	GlobalSection(ProjectConfigurationPlatforms) = postSolution
		{4220C61D-83C7-4074-841E-9D0DD491E4CF}.Debug|Any CPU.ActiveCfg = Debug|Any CPU
		{4220C61D-83C7-4074-841E-9D0DD491E4CF}.Debug|Any CPU.Build.0 = Debug|Any CPU
		{4220C61D-83C7-4074-841E-9D0DD491E4CF}.Release|Any CPU.ActiveCfg = Release|Any CPU
		{4220C61D-83C7-4074-841E-9D0DD491E4CF}.Release|Any CPU.Build.0 = Release|Any CPU
	EndGlobalSection
	GlobalSection(SolutionProperties) = preSolution
		HideSolutionNode = FALSE
	EndGlobalSection
	GlobalSection(ExtensibilityGlobals) = postSolution
		SolutionGuid = {013BCEE5-F8E2-4CBC-B819-6EC40B93A0B5}
	EndGlobalSection
EndGlobal
